{
  "name": "net-config-gen",
  "lockfileVersion": 3,
  "requires": true,
  "packages": {
    "": {
      "name": "net-config-gen",
      "dependencies": {
        "@radically-straightforward/caddy": "^2.0.9",
        "prettier": "^3.8.1",
        "yaml": "^2.8.3",
        "zod": "^4.3.6"
      },
      "devDependencies": {
        "@tsconfig/node22": "^22.0.5",
        "@types/node": "^22.19.17",
        "gatus-types": "^1.0.1",
        "homenet-types": "github:Chnapy/homenet",
        "typescript": "^6.0.2"
      }
    },
    "node_modules/@radically-straightforward/caddy": {
      "version": "2.0.9",
      "resolved": "https://registry.npmjs.org/@radically-straightforward/caddy/-/caddy-2.0.9.tgz",
      "integrity": "sha512-NYP6yUH/Abv+PKluVxF8sTY42Fqne4vMdAPqf5orCA+eV5N8jxu/a+scDivq92RHFwvbdkGVABl9pv9+wEVWWw==",
      "funding": [
        "https://patreon.com/leafac",
        "https://github.com/sponsors/leafac",
        "https://paypal.me/LeandroFacchinettiEU",
        "https://btc.com/34KJBgtaFYMtDqpSgMayw9qiKWg2GQXA9M"
      ],
      "hasInstallScript": true,
      "license": "MIT",
      "dependencies": {
        "@radically-straightforward/node": "^3.1.7"
      },
      "bin": {
        "caddy": "caddy"
      }
    },
    "node_modules/@radically-straightforward/node": {
      "version": "3.1.9",
      "resolved": "https://registry.npmjs.org/@radically-straightforward/node/-/node-3.1.9.tgz",
      "integrity": "sha512-zGslHaKMfc3gFkhQQvTSLrRLRuQEfMrnewQpI3GPG9LpzypChfa/SOjR/m6OGaXxCyBeesLkZcJFjdTNOpDDIw==",
      "funding": [
        "https://patreon.com/leafac",
        "https://github.com/sponsors/leafac",
        "https://paypal.me/LeandroFacchinettiEU",
        "https://btc.com/34KJBgtaFYMtDqpSgMayw9qiKWg2GQXA9M"
      ],
      "license": "MIT",
      "dependencies": {
        "@radically-straightforward/utilities": "^2.0.19"
      }
    },
    "node_modules/@radically-straightforward/utilities": {
      "version": "2.0.21",
      "resolved": "https://registry.npmjs.org/@radically-straightforward/utilities/-/utilities-2.0.21.tgz",
      "integrity": "sha512-bABgx5GEYQAWYzErygQGz18RfE0JjNx7cMxoA2yJm3xZQ/7I6TWe44MVP30pu5rh5YoI41ZDMSjsFJYvgVqtug==",
      "funding": [
        "https://patreon.com/leafac",
        "https://github.com/sponsors/leafac",
        "https://paypal.me/LeandroFacchinettiEU",
        "https://btc.com/34KJBgtaFYMtDqpSgMayw9qiKWg2GQXA9M"
      ],
      "license": "MIT"
    },
    "node_modules/@tsconfig/node22": {
      "version": "22.0.5",
      "resolved": "https://registry.npmjs.org/@tsconfig/node22/-/node22-22.0.5.tgz",
      "integrity": "sha512-hLf2ld+sYN/BtOJjHUWOk568dvjFQkHnLNa6zce25GIH+vxKfvTgm3qpaH6ToF5tu/NN0IH66s+Bb5wElHrLcw==",
      "dev": true
    },
    "node_modules/@types/node": {
      "version": "22.19.17",
      "resolved": "https://registry.npmjs.org/@types/node/-/node-22.19.17.tgz",
      "integrity": "sha512-wGdMcf+vPYM6jikpS/qhg6WiqSV/OhG+jeeHT/KlVqxYfD40iYJf9/AE1uQxVWFvU7MipKRkRv8NSHiCGgPr8Q==",
      "dev": true,
      "dependencies": {
        "undici-types": "~6.21.0"
      }
    },
    "node_modules/gatus-types": {
      "version": "1.0.1",
      "resolved": "https://registry.npmjs.org/gatus-types/-/gatus-types-1.0.1.tgz",
      "integrity": "sha512-1IBZBDnmLABjzHUHUGV63e3uSbPH7Lou/TiBrpD5PQhs5Y+Ei3UfV51df58fde2AfvBZGiSb4Bt+A5tub8avrA==",
      "dev": true,
      "license": "MIT",
      "engines": {
        "node": ">=22"
      }
    },
    "node_modules/homenet-types": {
      "version": "0.0.1",
      "resolved": "git+ssh://git@github.com/Chnapy/homenet.git#e524c8a04f8aebe2e9a9721aeca2e2323bceeb38",
      "dev": true,
      "license": "MIT",
      "engines": {
        "node": ">=22"
      }
    },
    "node_modules/prettier": {
      "version": "3.8.1",
      "resolved": "https://registry.npmjs.org/prettier/-/prettier-3.8.1.tgz",
      "integrity": "sha512-UOnG6LftzbdaHZcKoPFtOcCKztrQ57WkHDeRD9t/PTQtmT0NHSeWWepj6pS0z/N7+08BHFDQVUrfmfMRcZwbMg==",
      "license": "MIT",
      "bin": {
        "prettier": "bin/prettier.cjs"
      },
      "engines": {
        "node": ">=14"
      },
      "funding": {
        "url": "https://github.com/prettier/prettier?sponsor=1"
      }
    },
    "node_modules/typescript": {
      "version": "6.0.2",
      "resolved": "https://registry.npmjs.org/typescript/-/typescript-6.0.2.tgz",
      "integrity": "sha512-bGdAIrZ0wiGDo5l8c++HWtbaNCWTS4UTv7RaTH/ThVIgjkveJt83m74bBHMJkuCbslY8ixgLBVZJIOiQlQTjfQ==",
      "dev": true,
      "bin": {
        "tsc": "bin/tsc",
        "tsserver": "bin/tsserver"
      },
      "engines": {
        "node": ">=14.17"
      }
    },
    "node_modules/undici-types": {
      "version": "6.21.0",
      "resolved": "https://registry.npmjs.org/undici-types/-/undici-types-6.21.0.tgz",
      "integrity": "sha512-iwDZqg0QAGrg9Rav5H4n0M64c3mkR59cJ6wQp+7C4nI0gsmExaedaYLNO44eT4AtBBwjbTiGPMlt2Md0T9H9JQ==",
      "dev": true
    },
    "node_modules/yaml": {
      "version": "2.8.3",
      "resolved": "https://registry.npmjs.org/yaml/-/yaml-2.8.3.tgz",
      "integrity": "sha512-AvbaCLOO2Otw/lW5bmh9d/WEdcDFdQp2Z2ZUH3pX9U2ihyUY0nvLv7J6TrWowklRGPYbB/IuIMfYgxaCPg5Bpg==",
      "bin": {
        "yaml": "bin.mjs"
      },
      "engines": {
        "node": ">= 14.6"
      },
      "funding": {
        "url": "https://github.com/sponsors/eemeli"
      }
    },
    "node_modules/zod": {
      "version": "4.3.6",
      "resolved": "https://registry.npmjs.org/zod/-/zod-4.3.6.tgz",
      "integrity": "sha512-rftlrkhHZOcjDwkGlnUtZZkvaPHCsDATp4pGpuOOMDaTdDDXF91wuVDJoWoPsKX/3YPQ5fHuF3STjcYyKr+Qhg==",
      "funding": {
        "url": "https://github.com/sponsors/colinhacks"
      }
    }
  }
}
